PODS:
  - Alamofire (5.2.2)
  - Starscream (4.0.4)
  - SwiftyJSON (5.0.0)

DEPENDENCIES:
  - Alamofire
  - Starscream (~> 4.0.0)
  - SwiftyJSON

SPEC REPOS:
  trunk:
    - Alamofire
    - Starscream
    - SwiftyJSON

SPEC CHECKSUMS:
  Alamofire: 814429acc853c6c54ff123fc3d2ef66803823ce0
  Starscream: 5178aed56b316f13fa3bc55694e583d35dd414d9
  SwiftyJSON: 36413e04c44ee145039d332b4f4e2d3e8d6c4db7

PODFILE CHECKSUM: 95fc2dc31acdcd102e5d7c8f3209a7b89156feee

COCOAPODS: 1.9.1
