// !$*UTF8*$!
{
	archiveVersion = 1;
	classes = {
	};
	objectVersion = 51;
	objects = {

/* Begin PBXBuildFile section */
		7EE5AE298216CDE0593638B3 /* Pods_Petrion.framework in Frameworks */ = {isa = PBXBuildFile; fileRef = 737833FD34A26C80B060A561 /* Pods_Petrion.framework */; };
		CA10202525283E6D002E6B27 /* PetrionApp.swift in Sources */ = {isa = PBXBuildFile; fileRef = CA10202425283E6D002E6B27 /* PetrionApp.swift */; };
		CA10202725283E6D002E6B27 /* ContentView.swift in Sources */ = {isa = PBXBuildFile; fileRef = CA10202625283E6D002E6B27 /* ContentView.swift */; };
		CA10202925283E71002E6B27 /* Assets.xcassets in Resources */ = {isa = PBXBuildFile; fileRef = CA10202825283E71002E6B27 /* Assets.xcassets */; };
		CA10202C25283E71002E6B27 /* Preview Assets.xcassets in Resources */ = {isa = PBXBuildFile; fileRef = CA10202B25283E71002E6B27 /* Preview Assets.xcassets */; };
		CA10203825283EAA002E6B27 /* CourseCardView.swift in Sources */ = {isa = PBXBuildFile; fileRef = CA10203425283EAA002E6B27 /* CourseCardView.swift */; };
		CA10203925283EAA002E6B27 /* Course.swift in Sources */ = {isa = PBXBuildFile; fileRef = CA10203525283EAA002E6B27 /* Course.swift */; };
		CA10203A25283EAA002E6B27 /* CustomTabView.swift in Sources */ = {isa = PBXBuildFile; fileRef = CA10203625283EAA002E6B27 /* CustomTabView.swift */; };
		CA10203B25283EAA002E6B27 /* HomeView.swift in Sources */ = {isa = PBXBuildFile; fileRef = CA10203725283EAA002E6B27 /* HomeView.swift */; };
		CA10203E252844ED002E6B27 /* FolderView.swift in Sources */ = {isa = PBXBuildFile; fileRef = CA10203D252844ED002E6B27 /* FolderView.swift */; };
		CA10204125284550002E6B27 /* ProporsalView.swift in Sources */ = {isa = PBXBuildFile; fileRef = CA10204025284550002E6B27 /* ProporsalView.swift */; };
		CA1020442528483B002E6B27 /* ProfileView.swift in Sources */ = {isa = PBXBuildFile; fileRef = CA1020432528483B002E6B27 /* ProfileView.swift */; };
		CA1020472528498E002E6B27 /* PetitionView.swift in Sources */ = {isa = PBXBuildFile; fileRef = CA1020462528498E002E6B27 /* PetitionView.swift */; };
		CA10204D25284D2E002E6B27 /* WebsocketService.swift in Sources */ = {isa = PBXBuildFile; fileRef = CA10204C25284D2E002E6B27 /* WebsocketService.swift */; };
		CA10205025284D3E002E6B27 /* WebSocketView.swift in Sources */ = {isa = PBXBuildFile; fileRef = CA10204F25284D3E002E6B27 /* WebSocketView.swift */; };
		CA10205B25287E8F002E6B27 /* ImagePicker.swift in Sources */ = {isa = PBXBuildFile; fileRef = CA10205A25287E8F002E6B27 /* ImagePicker.swift */; };
		CA10205E25287FD7002E6B27 /* NetworkService.swift in Sources */ = {isa = PBXBuildFile; fileRef = CA10205D25287FD7002E6B27 /* NetworkService.swift */; };
		CA102066252885E9002E6B27 /* MapView.swift in Sources */ = {isa = PBXBuildFile; fileRef = CA102065252885E9002E6B27 /* MapView.swift */; };
		CA102072252974A1002E6B27 /* MultilineTextField.swift in Sources */ = {isa = PBXBuildFile; fileRef = CA102071252974A1002E6B27 /* MultilineTextField.swift */; };
/* End PBXBuildFile section */

/* Begin PBXFileReference section */
		061B97D3310E246A14B116EA /* Pods-Petrion.debug.xcconfig */ = {isa = PBXFileReference; includeInIndex = 1; lastKnownFileType = text.xcconfig; name = "Pods-Petrion.debug.xcconfig"; path = "Target Support Files/Pods-Petrion/Pods-Petrion.debug.xcconfig"; sourceTree = "<group>"; };
		4D5B6C0F62F9E36012A0C2CA /* Pods-Petrion.release.xcconfig */ = {isa = PBXFileReference; includeInIndex = 1; lastKnownFileType = text.xcconfig; name = "Pods-Petrion.release.xcconfig"; path = "Target Support Files/Pods-Petrion/Pods-Petrion.release.xcconfig"; sourceTree = "<group>"; };
		737833FD34A26C80B060A561 /* Pods_Petrion.framework */ = {isa = PBXFileReference; explicitFileType = wrapper.framework; includeInIndex = 0; path = Pods_Petrion.framework; sourceTree = BUILT_PRODUCTS_DIR; };
		CA10202125283E6D002E6B27 /* Petrion.app */ = {isa = PBXFileReference; explicitFileType = wrapper.application; includeInIndex = 0; path = Petrion.app; sourceTree = BUILT_PRODUCTS_DIR; };
		CA10202425283E6D002E6B27 /* PetrionApp.swift */ = {isa = PBXFileReference; lastKnownFileType = sourcecode.swift; path = PetrionApp.swift; sourceTree = "<group>"; };
		CA10202625283E6D002E6B27 /* ContentView.swift */ = {isa = PBXFileReference; lastKnownFileType = sourcecode.swift; path = ContentView.swift; sourceTree = "<group>"; };
		CA10202825283E71002E6B27 /* Assets.xcassets */ = {isa = PBXFileReference; lastKnownFileType = folder.assetcatalog; path = Assets.xcassets; sourceTree = "<group>"; };
		CA10202B25283E71002E6B27 /* Preview Assets.xcassets */ = {isa = PBXFileReference; lastKnownFileType = folder.assetcatalog; path = "Preview Assets.xcassets"; sourceTree = "<group>"; };
		CA10202D25283E71002E6B27 /* Info.plist */ = {isa = PBXFileReference; lastKnownFileType = text.plist.xml; path = Info.plist; sourceTree = "<group>"; };
		CA10203425283EAA002E6B27 /* CourseCardView.swift */ = {isa = PBXFileReference; fileEncoding = 4; lastKnownFileType = sourcecode.swift; path = CourseCardView.swift; sourceTree = "<group>"; };
		CA10203525283EAA002E6B27 /* Course.swift */ = {isa = PBXFileReference; fileEncoding = 4; lastKnownFileType = sourcecode.swift; path = Course.swift; sourceTree = "<group>"; };
		CA10203625283EAA002E6B27 /* CustomTabView.swift */ = {isa = PBXFileReference; fileEncoding = 4; lastKnownFileType = sourcecode.swift; path = CustomTabView.swift; sourceTree = "<group>"; };
		CA10203725283EAA002E6B27 /* HomeView.swift */ = {isa = PBXFileReference; fileEncoding = 4; lastKnownFileType = sourcecode.swift; path = HomeView.swift; sourceTree = "<group>"; };
		CA10203D252844ED002E6B27 /* FolderView.swift */ = {isa = PBXFileReference; lastKnownFileType = sourcecode.swift; path = FolderView.swift; sourceTree = "<group>"; };
		CA10204025284550002E6B27 /* ProporsalView.swift */ = {isa = PBXFileReference; lastKnownFileType = sourcecode.swift; path = ProporsalView.swift; sourceTree = "<group>"; };
		CA1020432528483B002E6B27 /* ProfileView.swift */ = {isa = PBXFileReference; lastKnownFileType = sourcecode.swift; path = ProfileView.swift; sourceTree = "<group>"; };
		CA1020462528498E002E6B27 /* PetitionView.swift */ = {isa = PBXFileReference; fileEncoding = 4; lastKnownFileType = sourcecode.swift; path = PetitionView.swift; sourceTree = "<group>"; };
		CA10204C25284D2E002E6B27 /* WebsocketService.swift */ = {isa = PBXFileReference; fileEncoding = 4; lastKnownFileType = sourcecode.swift; path = WebsocketService.swift; sourceTree = "<group>"; };
		CA10204F25284D3E002E6B27 /* WebSocketView.swift */ = {isa = PBXFileReference; fileEncoding = 4; lastKnownFileType = sourcecode.swift; path = WebSocketView.swift; sourceTree = "<group>"; };
		CA10205A25287E8F002E6B27 /* ImagePicker.swift */ = {isa = PBXFileReference; fileEncoding = 4; lastKnownFileType = sourcecode.swift; path = ImagePicker.swift; sourceTree = "<group>"; };
		CA10205D25287FD7002E6B27 /* NetworkService.swift */ = {isa = PBXFileReference; fileEncoding = 4; lastKnownFileType = sourcecode.swift; path = NetworkService.swift; sourceTree = "<group>"; };
		CA102065252885E9002E6B27 /* MapView.swift */ = {isa = PBXFileReference; fileEncoding = 4; lastKnownFileType = sourcecode.swift; path = MapView.swift; sourceTree = "<group>"; };
		CA102071252974A1002E6B27 /* MultilineTextField.swift */ = {isa = PBXFileReference; lastKnownFileType = sourcecode.swift; path = MultilineTextField.swift; sourceTree = "<group>"; };
/* End PBXFileReference section */

/* Begin PBXFrameworksBuildPhase section */
		CA10201E25283E6D002E6B27 /* Frameworks */ = {
			isa = PBXFrameworksBuildPhase;
			buildActionMask = 2147483647;
			files = (
				7EE5AE298216CDE0593638B3 /* Pods_Petrion.framework in Frameworks */,
			);
			runOnlyForDeploymentPostprocessing = 0;
		};
/* End PBXFrameworksBuildPhase section */

/* Begin PBXGroup section */
		710D1E70422482FF4D48D91F /* Frameworks */ = {
			isa = PBXGroup;
			children = (
				737833FD34A26C80B060A561 /* Pods_Petrion.framework */,
			);
			name = Frameworks;
			sourceTree = "<group>";
		};
		71609D2699BF0D6FF269DF48 /* Pods */ = {
			isa = PBXGroup;
			children = (
				061B97D3310E246A14B116EA /* Pods-Petrion.debug.xcconfig */,
				4D5B6C0F62F9E36012A0C2CA /* Pods-Petrion.release.xcconfig */,
			);
			path = Pods;
			sourceTree = "<group>";
		};
		CA10201825283E6D002E6B27 = {
			isa = PBXGroup;
			children = (
				CA10202325283E6D002E6B27 /* Petrion */,
				CA10202225283E6D002E6B27 /* Products */,
				71609D2699BF0D6FF269DF48 /* Pods */,
				710D1E70422482FF4D48D91F /* Frameworks */,
			);
			sourceTree = "<group>";
		};
		CA10202225283E6D002E6B27 /* Products */ = {
			isa = PBXGroup;
			children = (
				CA10202125283E6D002E6B27 /* Petrion.app */,
			);
			name = Products;
			sourceTree = "<group>";
		};
		CA10202325283E6D002E6B27 /* Petrion */ = {
			isa = PBXGroup;
			children = (
				CA10202425283E6D002E6B27 /* PetrionApp.swift */,
				CA10203525283EAA002E6B27 /* Course.swift */,
				CA10203425283EAA002E6B27 /* CourseCardView.swift */,
				CA10203625283EAA002E6B27 /* CustomTabView.swift */,
				CA10203725283EAA002E6B27 /* HomeView.swift */,
				CA10202625283E6D002E6B27 /* ContentView.swift */,
				CA1020462528498E002E6B27 /* PetitionView.swift */,
				CA10204C25284D2E002E6B27 /* WebsocketService.swift */,
				CA10204F25284D3E002E6B27 /* WebSocketView.swift */,
				CA10205A25287E8F002E6B27 /* ImagePicker.swift */,
				CA10205D25287FD7002E6B27 /* NetworkService.swift */,
				CA102065252885E9002E6B27 /* MapView.swift */,
				CA10202825283E71002E6B27 /* Assets.xcassets */,
				CA10202D25283E71002E6B27 /* Info.plist */,
				CA10202A25283E71002E6B27 /* Preview Content */,
				CA10203D252844ED002E6B27 /* FolderView.swift */,
				CA10204025284550002E6B27 /* ProporsalView.swift */,
				CA1020432528483B002E6B27 /* ProfileView.swift */,
				CA102071252974A1002E6B27 /* MultilineTextField.swift */,
			);
			path = Petrion;
			sourceTree = "<group>";
		};
		CA10202A25283E71002E6B27 /* Preview Content */ = {
			isa = PBXGroup;
			children = (
				CA10202B25283E71002E6B27 /* Preview Assets.xcassets */,
			);
			path = "Preview Content";
			sourceTree = "<group>";
		};
/* End PBXGroup section */

/* Begin PBXNativeTarget section */
		CA10202025283E6D002E6B27 /* Petrion */ = {
			isa = PBXNativeTarget;
			buildConfigurationList = CA10203025283E71002E6B27 /* Build configuration list for PBXNativeTarget "Petrion" */;
			buildPhases = (
				29CD581F487FE2718C5E699F /* [CP] Check Pods Manifest.lock */,
				CA10201D25283E6D002E6B27 /* Sources */,
				CA10201E25283E6D002E6B27 /* Frameworks */,
				CA10201F25283E6D002E6B27 /* Resources */,
				FED22CB06196E770D2B0E1F3 /* [CP] Embed Pods Frameworks */,
			);
			buildRules = (
			);
			dependencies = (
			);
			name = Petrion;
			productName = Petrion;
			productReference = CA10202125283E6D002E6B27 /* Petrion.app */;
			productType = "com.apple.product-type.application";
		};
/* End PBXNativeTarget section */

/* Begin PBXProject section */
		CA10201925283E6D002E6B27 /* Project object */ = {
			isa = PBXProject;
			attributes = {
				LastSwiftUpdateCheck = 1200;
				LastUpgradeCheck = 1200;
				TargetAttributes = {
					CA10202025283E6D002E6B27 = {
						CreatedOnToolsVersion = 12.0.1;
					};
				};
			};
			buildConfigurationList = CA10201C25283E6D002E6B27 /* Build configuration list for PBXProject "Petrion" */;
			compatibilityVersion = "Xcode 9.3";
			developmentRegion = en;
			hasScannedForEncodings = 0;
			knownRegions = (
				en,
				Base,
			);
			mainGroup = CA10201825283E6D002E6B27;
			productRefGroup = CA10202225283E6D002E6B27 /* Products */;
			projectDirPath = "";
			projectRoot = "";
			targets = (
				CA10202025283E6D002E6B27 /* Petrion */,
			);
		};
/* End PBXProject section */

/* Begin PBXResourcesBuildPhase section */
		CA10201F25283E6D002E6B27 /* Resources */ = {
			isa = PBXResourcesBuildPhase;
			buildActionMask = 2147483647;
			files = (
				CA10202C25283E71002E6B27 /* Preview Assets.xcassets in Resources */,
				CA10202925283E71002E6B27 /* Assets.xcassets in Resources */,
			);
			runOnlyForDeploymentPostprocessing = 0;
		};
/* End PBXResourcesBuildPhase section */

/* Begin PBXShellScriptBuildPhase section */
		29CD581F487FE2718C5E699F /* [CP] Check Pods Manifest.lock */ = {
			isa = PBXShellScriptBuildPhase;
			buildActionMask = 2147483647;
			files = (
			);
			inputFileListPaths = (
			);
			inputPaths = (
				"${PODS_PODFILE_DIR_PATH}/Podfile.lock",
				"${PODS_ROOT}/Manifest.lock",
			);
			name = "[CP] Check Pods Manifest.lock";
			outputFileListPaths = (
			);
			outputPaths = (
				"$(DERIVED_FILE_DIR)/Pods-Petrion-checkManifestLockResult.txt",
			);
			runOnlyForDeploymentPostprocessing = 0;
			shellPath = /bin/sh;
			shellScript = "diff \"${PODS_PODFILE_DIR_PATH}/Podfile.lock\" \"${PODS_ROOT}/Manifest.lock\" > /dev/null\nif [ $? != 0 ] ; then\n    # print error to STDERR\n    echo \"error: The sandbox is not in sync with the Podfile.lock. Run 'pod install' or update your CocoaPods installation.\" >&2\n    exit 1\nfi\n# This output is used by Xcode 'outputs' to avoid re-running this script phase.\necho \"SUCCESS\" > \"${SCRIPT_OUTPUT_FILE_0}\"\n";
			showEnvVarsInLog = 0;
		};
		FED22CB06196E770D2B0E1F3 /* [CP] Embed Pods Frameworks */ = {
			isa = PBXShellScriptBuildPhase;
			buildActionMask = 2147483647;
			files = (
			);
			inputFileListPaths = (
				"${PODS_ROOT}/Target Support Files/Pods-Petrion/Pods-Petrion-frameworks-${CONFIGURATION}-input-files.xcfilelist",
			);
			name = "[CP] Embed Pods Frameworks";
			outputFileListPaths = (
				"${PODS_ROOT}/Target Support Files/Pods-Petrion/Pods-Petrion-frameworks-${CONFIGURATION}-output-files.xcfilelist",
			);
			runOnlyForDeploymentPostprocessing = 0;
			shellPath = /bin/sh;
			shellScript = "\"${PODS_ROOT}/Target Support Files/Pods-Petrion/Pods-Petrion-frameworks.sh\"\n";
			showEnvVarsInLog = 0;
		};
/* End PBXShellScriptBuildPhase section */

/* Begin PBXSourcesBuildPhase section */
		CA10201D25283E6D002E6B27 /* Sources */ = {
			isa = PBXSourcesBuildPhase;
			buildActionMask = 2147483647;
			files = (
				CA10205B25287E8F002E6B27 /* ImagePicker.swift in Sources */,
				CA10205025284D3E002E6B27 /* WebSocketView.swift in Sources */,
				CA1020472528498E002E6B27 /* PetitionView.swift in Sources */,
				CA10204D25284D2E002E6B27 /* WebsocketService.swift in Sources */,
				CA10203925283EAA002E6B27 /* Course.swift in Sources */,
				CA1020442528483B002E6B27 /* ProfileView.swift in Sources */,
				CA10205E25287FD7002E6B27 /* NetworkService.swift in Sources */,
				CA102066252885E9002E6B27 /* MapView.swift in Sources */,
				CA10203E252844ED002E6B27 /* FolderView.swift in Sources */,
				CA10202725283E6D002E6B27 /* ContentView.swift in Sources */,
				CA10204125284550002E6B27 /* ProporsalView.swift in Sources */,
				CA10203A25283EAA002E6B27 /* CustomTabView.swift in Sources */,
				CA10203B25283EAA002E6B27 /* HomeView.swift in Sources */,
				CA10202525283E6D002E6B27 /* PetrionApp.swift in Sources */,
				CA10203825283EAA002E6B27 /* CourseCardView.swift in Sources */,
				CA102072252974A1002E6B27 /* MultilineTextField.swift in Sources */,
			);
			runOnlyForDeploymentPostprocessing = 0;
		};
/* End PBXSourcesBuildPhase section */

/* Begin XCBuildConfiguration section */
		CA10202E25283E71002E6B27 /* Debug */ = {
			isa = XCBuildConfiguration;
			buildSettings = {
				ALWAYS_SEARCH_USER_PATHS = NO;
				CLANG_ANALYZER_NONNULL = YES;
				CLANG_ANALYZER_NUMBER_OBJECT_CONVERSION = YES_AGGRESSIVE;
				CLANG_CXX_LANGUAGE_STANDARD = "gnu++14";
				CLANG_CXX_LIBRARY = "libc++";
				CLANG_ENABLE_MODULES = YES;
				CLANG_ENABLE_OBJC_ARC = YES;
				CLANG_ENABLE_OBJC_WEAK = YES;
				CLANG_WARN_BLOCK_CAPTURE_AUTORELEASING = YES;
				CLANG_WARN_BOOL_CONVERSION = YES;
				CLANG_WARN_COMMA = YES;
				CLANG_WARN_CONSTANT_CONVERSION = YES;
				CLANG_WARN_DEPRECATED_OBJC_IMPLEMENTATIONS = YES;
				CLANG_WARN_DIRECT_OBJC_ISA_USAGE = YES_ERROR;
				CLANG_WARN_DOCUMENTATION_COMMENTS = YES;
				CLANG_WARN_EMPTY_BODY = YES;
				CLANG_WARN_ENUM_CONVERSION = YES;
				CLANG_WARN_INFINITE_RECURSION = YES;
				CLANG_WARN_INT_CONVERSION = YES;
				CLANG_WARN_NON_LITERAL_NULL_CONVERSION = YES;
				CLANG_WARN_OBJC_IMPLICIT_RETAIN_SELF = YES;
				CLANG_WARN_OBJC_LITERAL_CONVERSION = YES;
				CLANG_WARN_OBJC_ROOT_CLASS = YES_ERROR;
				CLANG_WARN_QUOTED_INCLUDE_IN_FRAMEWORK_HEADER = YES;
				CLANG_WARN_RANGE_LOOP_ANALYSIS = YES;
				CLANG_WARN_STRICT_PROTOTYPES = YES;
				CLANG_WARN_SUSPICIOUS_MOVE = YES;
				CLANG_WARN_UNGUARDED_AVAILABILITY = YES_AGGRESSIVE;
				CLANG_WARN_UNREACHABLE_CODE = YES;
				CLANG_WARN__DUPLICATE_METHOD_MATCH = YES;
				COPY_PHASE_STRIP = NO;
				DEBUG_INFORMATION_FORMAT = dwarf;
				ENABLE_STRICT_OBJC_MSGSEND = YES;
				ENABLE_TESTABILITY = YES;
				GCC_C_LANGUAGE_STANDARD = gnu11;
				GCC_DYNAMIC_NO_PIC = NO;
				GCC_NO_COMMON_BLOCKS = YES;
				GCC_OPTIMIZATION_LEVEL = 0;
				GCC_PREPROCESSOR_DEFINITIONS = (
					"DEBUG=1",
					"$(inherited)",
				);
				GCC_WARN_64_TO_32_BIT_CONVERSION = YES;
				GCC_WARN_ABOUT_RETURN_TYPE = YES_ERROR;
				GCC_WARN_UNDECLARED_SELECTOR = YES;
				GCC_WARN_UNINITIALIZED_AUTOS = YES_AGGRESSIVE;
				GCC_WARN_UNUSED_FUNCTION = YES;
				GCC_WARN_UNUSED_VARIABLE = YES;
				IPHONEOS_DEPLOYMENT_TARGET = 14.0;
				MTL_ENABLE_DEBUG_INFO = INCLUDE_SOURCE;
				MTL_FAST_MATH = YES;
				ONLY_ACTIVE_ARCH = YES;
				SDKROOT = iphoneos;
				SWIFT_ACTIVE_COMPILATION_CONDITIONS = DEBUG;
				SWIFT_OPTIMIZATION_LEVEL = "-Onone";
			};
			name = Debug;
		};
		CA10202F25283E71002E6B27 /* Release */ = {
			isa = XCBuildConfiguration;
			buildSettings = {
				ALWAYS_SEARCH_USER_PATHS = NO;
				CLANG_ANALYZER_NONNULL = YES;
				CLANG_ANALYZER_NUMBER_OBJECT_CONVERSION = YES_AGGRESSIVE;
				CLANG_CXX_LANGUAGE_STANDARD = "gnu++14";
				CLANG_CXX_LIBRARY = "libc++";
				CLANG_ENABLE_MODULES = YES;
				CLANG_ENABLE_OBJC_ARC = YES;
				CLANG_ENABLE_OBJC_WEAK = YES;
				CLANG_WARN_BLOCK_CAPTURE_AUTORELEASING = YES;
				CLANG_WARN_BOOL_CONVERSION = YES;
				CLANG_WARN_COMMA = YES;
				CLANG_WARN_CONSTANT_CONVERSION = YES;
				CLANG_WARN_DEPRECATED_OBJC_IMPLEMENTATIONS = YES;
				CLANG_WARN_DIRECT_OBJC_ISA_USAGE = YES_ERROR;
				CLANG_WARN_DOCUMENTATION_COMMENTS = YES;
				CLANG_WARN_EMPTY_BODY = YES;
				CLANG_WARN_ENUM_CONVERSION = YES;
				CLANG_WARN_INFINITE_RECURSION = YES;
				CLANG_WARN_INT_CONVERSION = YES;
				CLANG_WARN_NON_LITERAL_NULL_CONVERSION = YES;
				CLANG_WARN_OBJC_IMPLICIT_RETAIN_SELF = YES;
				CLANG_WARN_OBJC_LITERAL_CONVERSION = YES;
				CLANG_WARN_OBJC_ROOT_CLASS = YES_ERROR;
				CLANG_WARN_QUOTED_INCLUDE_IN_FRAMEWORK_HEADER = YES;
				CLANG_WARN_RANGE_LOOP_ANALYSIS = YES;
				CLANG_WARN_STRICT_PROTOTYPES = YES;
				CLANG_WARN_SUSPICIOUS_MOVE = YES;
				CLANG_WARN_UNGUARDED_AVAILABILITY = YES_AGGRESSIVE;
				CLANG_WARN_UNREACHABLE_CODE = YES;
				CLANG_WARN__DUPLICATE_METHOD_MATCH = YES;
				COPY_PHASE_STRIP = NO;
				DEBUG_INFORMATION_FORMAT = "dwarf-with-dsym";
				ENABLE_NS_ASSERTIONS = NO;
				ENABLE_STRICT_OBJC_MSGSEND = YES;
				GCC_C_LANGUAGE_STANDARD = gnu11;
				GCC_NO_COMMON_BLOCKS = YES;
				GCC_WARN_64_TO_32_BIT_CONVERSION = YES;
				GCC_WARN_ABOUT_RETURN_TYPE = YES_ERROR;
				GCC_WARN_UNDECLARED_SELECTOR = YES;
				GCC_WARN_UNINITIALIZED_AUTOS = YES_AGGRESSIVE;
				GCC_WARN_UNUSED_FUNCTION = YES;
				GCC_WARN_UNUSED_VARIABLE = YES;
				IPHONEOS_DEPLOYMENT_TARGET = 14.0;
				MTL_ENABLE_DEBUG_INFO = NO;
				MTL_FAST_MATH = YES;
				SDKROOT = iphoneos;
				SWIFT_COMPILATION_MODE = wholemodule;
				SWIFT_OPTIMIZATION_LEVEL = "-O";
				VALIDATE_PRODUCT = YES;
			};
			name = Release;
		};
		CA10203125283E71002E6B27 /* Debug */ = {
			isa = XCBuildConfiguration;
			baseConfigurationReference = 061B97D3310E246A14B116EA /* Pods-Petrion.debug.xcconfig */;
			buildSettings = {
				ASSETCATALOG_COMPILER_APPICON_NAME = AppIcon;
				ASSETCATALOG_COMPILER_GLOBAL_ACCENT_COLOR_NAME = AccentColor;
				CODE_SIGN_STYLE = Automatic;
				DEVELOPMENT_ASSET_PATHS = "\"Petrion/Preview Content\"";
				DEVELOPMENT_TEAM = 7NZPBTA9R6;
				ENABLE_PREVIEWS = YES;
				INFOPLIST_FILE = Petrion/Info.plist;
				IPHONEOS_DEPLOYMENT_TARGET = 14.0;
				LD_RUNPATH_SEARCH_PATHS = (
					"$(inherited)",
					"@executable_path/Frameworks",
				);
				PRODUCT_BUNDLE_IDENTIFIER = com.perekrist.Petrion;
				PRODUCT_NAME = "$(TARGET_NAME)";
				SWIFT_VERSION = 5.0;
				TARGETED_DEVICE_FAMILY = "1,2";
			};
			name = Debug;
		};
		CA10203225283E71002E6B27 /* Release */ = {
			isa = XCBuildConfiguration;
			baseConfigurationReference = 4D5B6C0F62F9E36012A0C2CA /* Pods-Petrion.release.xcconfig */;
			buildSettings = {
				ASSETCATALOG_COMPILER_APPICON_NAME = AppIcon;
				ASSETCATALOG_COMPILER_GLOBAL_ACCENT_COLOR_NAME = AccentColor;
				CODE_SIGN_STYLE = Automatic;
				DEVELOPMENT_ASSET_PATHS = "\"Petrion/Preview Content\"";
				DEVELOPMENT_TEAM = 7NZPBTA9R6;
				ENABLE_PREVIEWS = YES;
				INFOPLIST_FILE = Petrion/Info.plist;
				IPHONEOS_DEPLOYMENT_TARGET = 14.0;
				LD_RUNPATH_SEARCH_PATHS = (
					"$(inherited)",
					"@executable_path/Frameworks",
				);
				PRODUCT_BUNDLE_IDENTIFIER = com.perekrist.Petrion;
				PRODUCT_NAME = "$(TARGET_NAME)";
				SWIFT_VERSION = 5.0;
				TARGETED_DEVICE_FAMILY = "1,2";
			};
			name = Release;
		};
/* End XCBuildConfiguration section */

/* Begin XCConfigurationList section */
		CA10201C25283E6D002E6B27 /* Build configuration list for PBXProject "Petrion" */ = {
			isa = XCConfigurationList;
			buildConfigurations = (
				CA10202E25283E71002E6B27 /* Debug */,
				CA10202F25283E71002E6B27 /* Release */,
			);
			defaultConfigurationIsVisible = 0;
			defaultConfigurationName = Release;
		};
		CA10203025283E71002E6B27 /* Build configuration list for PBXNativeTarget "Petrion" */ = {
			isa = XCConfigurationList;
			buildConfigurations = (
				CA10203125283E71002E6B27 /* Debug */,
				CA10203225283E71002E6B27 /* Release */,
			);
			defaultConfigurationIsVisible = 0;
			defaultConfigurationName = Release;
		};
/* End XCConfigurationList section */
	};
	rootObject = CA10201925283E6D002E6B27 /* Project object */;
}
